
Microsoft Visual Studio Solution File, Format Version 12.00
# Visual Studio 15
Project("{FAE04EC0-301F-11D3-BF4B-00C04F79EFBC}") = "Assembly-CSharp", "Assembly-CSharp.csproj", "{469AF0EC-CCA7-7D78-60EA-A7BD279B412A}"
EndProject
Global
	GlobalSection(SolutionConfigurationPlatforms) = preSolution
		Debug|Any CPU = Debug|Any CPU
		Release|Any CPU = Release|Any CPU
	EndGlobalSection
	GlobalSection(ProjectConfigurationPlatforms) = postSolution
		{469AF0EC-CCA7-7D78-60EA-A7BD279B412A}.Debug|Any CPU.ActiveCfg = Debug|Any CPU
		{469AF0EC-CCA7-7D78-60EA-A7BD279B412A}.Debug|Any CPU.Build.0 = Debug|Any CPU
		{469AF0EC-CCA7-7D78-60EA-A7BD279B412A}.Release|Any CPU.ActiveCfg = Release|Any CPU
		{469AF0EC-CCA7-7D78-60EA-A7BD279B412A}.Release|Any CPU.Build.0 = Release|Any CPU
	EndGlobalSection
	GlobalSection(SolutionProperties) = preSolution
		HideSolutionNode = FALSE
	EndGlobalSection
EndGlobal
